// !$*UTF8*$!
{
	archiveVersion = 1;
	classes = {
	};
	objectVersion = 48;
	objects = {

/* Begin PBXBuildFile section */
		5012520720603426004C447C /* AppDelegate.swift in Sources */ = {isa = PBXBuildFile; fileRef = 5012520620603426004C447C /* AppDelegate.swift */; };
		5012520920603426004C447C /* ViewController.swift in Sources */ = {isa = PBXBuildFile; fileRef = 5012520820603426004C447C /* ViewController.swift */; };
		5012520C20603426004C447C /* Main.storyboard in Resources */ = {isa = PBXBuildFile; fileRef = 5012520A20603426004C447C /* Main.storyboard */; };
		5012520E20603426004C447C /* Assets.xcassets in Resources */ = {isa = PBXBuildFile; fileRef = 5012520D20603426004C447C /* Assets.xcassets */; };
		5012521120603426004C447C /* LaunchScreen.storyboard in Resources */ = {isa = PBXBuildFile; fileRef = 5012520F20603426004C447C /* LaunchScreen.storyboard */; };
		5012521C20603426004C447C /* Calculator3Tests.swift in Sources */ = {isa = PBXBuildFile; fileRef = 5012521B20603426004C447C /* Calculator3Tests.swift */; };
		5012522720603426004C447C /* Calculator3UITests.swift in Sources */ = {isa = PBXBuildFile; fileRef = 5012522620603426004C447C /* Calculator3UITests.swift */; };
/* End PBXBuildFile section */

/* Begin PBXContainerItemProxy section */
		5012521820603426004C447C /* PBXContainerItemProxy */ = {
			isa = PBXContainerItemProxy;
			containerPortal = 501251FB20603426004C447C /* Project object */;
			proxyType = 1;
			remoteGlobalIDString = 5012520220603426004C447C;
			remoteInfo = Calculator3;
		};
		5012522320603426004C447C /* PBXContainerItemProxy */ = {
			isa = PBXContainerItemProxy;
			containerPortal = 501251FB20603426004C447C /* Project object */;
			proxyType = 1;
			remoteGlobalIDString = 5012520220603426004C447C;
			remoteInfo = Calculator3;
		};
/* End PBXContainerItemProxy section */

/* Begin PBXFileReference section */
		5012520320603426004C447C /* Calculator3.app */ = {isa = PBXFileReference; explicitFileType = wrapper.application; includeInIndex = 0; path = Calculator3.app; sourceTree = BUILT_PRODUCTS_DIR; };
		5012520620603426004C447C /* AppDelegate.swift */ = {isa = PBXFileReference; lastKnownFileType = sourcecode.swift; path = AppDelegate.swift; sourceTree = "<group>"; };
		5012520820603426004C447C /* ViewController.swift */ = {isa = PBXFileReference; lastKnownFileType = sourcecode.swift; path = ViewController.swift; sourceTree = "<group>"; };
		5012520B20603426004C447C /* Base */ = {isa = PBXFileReference; lastKnownFileType = file.storyboard; name = Base; path = Base.lproj/Main.storyboard; sourceTree = "<group>"; };
		5012520D20603426004C447C /* Assets.xcassets */ = {isa = PBXFileReference; lastKnownFileType = folder.assetcatalog; path = Assets.xcassets; sourceTree = "<group>"; };
		5012521020603426004C447C /* Base */ = {isa = PBXFileReference; lastKnownFileType = file.storyboard; name = Base; path = Base.lproj/LaunchScreen.storyboard; sourceTree = "<group>"; };
		5012521220603426004C447C /* Info.plist */ = {isa = PBXFileReference; lastKnownFileType = text.plist.xml; path = Info.plist; sourceTree = "<group>"; };
		5012521720603426004C447C /* Calculator3Tests.xctest */ = {isa = PBXFileReference; explicitFileType = wrapper.cfbundle; includeInIndex = 0; path = Calculator3Tests.xctest; sourceTree = BUILT_PRODUCTS_DIR; };
		5012521B20603426004C447C /* Calculator3Tests.swift */ = {isa = PBXFileReference; lastKnownFileType = sourcecode.swift; path = Calculator3Tests.swift; sourceTree = "<group>"; };
		5012521D20603426004C447C /* Info.plist */ = {isa = PBXFileReference; lastKnownFileType = text.plist.xml; path = Info.plist; sourceTree = "<group>"; };
		5012522220603426004C447C /* Calculator3UITests.xctest */ = {isa = PBXFileReference; explicitFileType = wrapper.cfbundle; includeInIndex = 0; path = Calculator3UITests.xctest; sourceTree = BUILT_PRODUCTS_DIR; };
		5012522620603426004C447C /* Calculator3UITests.swift */ = {isa = PBXFileReference; lastKnownFileType = sourcecode.swift; path = Calculator3UITests.swift; sourceTree = "<group>"; };
		5012522820603426004C447C /* Info.plist */ = {isa = PBXFileReference; lastKnownFileType = text.plist.xml; path = Info.plist; sourceTree = "<group>"; };
/* End PBXFileReference section */

/* Begin PBXFrameworksBuildPhase section */
		5012520020603426004C447C /* Frameworks */ = {
			isa = PBXFrameworksBuildPhase;
			buildActionMask = 2147483647;
			files = (
			);
			runOnlyForDeploymentPostprocessing = 0;
		};
		5012521420603426004C447C /* Frameworks */ = {
			isa = PBXFrameworksBuildPhase;
			buildActionMask = 2147483647;
			files = (
			);
			runOnlyForDeploymentPostprocessing = 0;
		};
		5012521F20603426004C447C /* Frameworks */ = {
			isa = PBXFrameworksBuildPhase;
			buildActionMask = 2147483647;
			files = (
			);
			runOnlyForDeploymentPostprocessing = 0;
		};
/* End PBXFrameworksBuildPhase section */

/* Begin PBXGroup section */
		501251FA20603426004C447C = {
			isa = PBXGroup;
			children = (
				5012520520603426004C447C /* Calculator3 */,
				5012521A20603426004C447C /* Calculator3Tests */,
				5012522520603426004C447C /* Calculator3UITests */,
				5012520420603426004C447C /* Products */,
			);
			sourceTree = "<group>";
		};
		5012520420603426004C447C /* Products */ = {
			isa = PBXGroup;
			children = (
				5012520320603426004C447C /* Calculator3.app */,
				5012521720603426004C447C /* Calculator3Tests.xctest */,
				5012522220603426004C447C /* Calculator3UITests.xctest */,
			);
			name = Products;
			sourceTree = "<group>";
		};
		5012520520603426004C447C /* Calculator3 */ = {
			isa = PBXGroup;
			children = (
				5012520620603426004C447C /* AppDelegate.swift */,
				5012520820603426004C447C /* ViewController.swift */,
				5012520A20603426004C447C /* Main.storyboard */,
				5012520D20603426004C447C /* Assets.xcassets */,
				5012520F20603426004C447C /* LaunchScreen.storyboard */,
				5012521220603426004C447C /* Info.plist */,
			);
			path = Calculator3;
			sourceTree = "<group>";
		};
		5012521A20603426004C447C /* Calculator3Tests */ = {
			isa = PBXGroup;
			children = (
				5012521B20603426004C447C /* Calculator3Tests.swift */,
				5012521D20603426004C447C /* Info.plist */,
			);
			path = Calculator3Tests;
			sourceTree = "<group>";
		};
		5012522520603426004C447C /* Calculator3UITests */ = {
			isa = PBXGroup;
			children = (
				5012522620603426004C447C /* Calculator3UITests.swift */,
				5012522820603426004C447C /* Info.plist */,
			);
			path = Calculator3UITests;
			sourceTree = "<group>";
		};
/* End PBXGroup section */

/* Begin PBXNativeTarget section */
		5012520220603426004C447C /* Calculator3 */ = {
			isa = PBXNativeTarget;
			buildConfigurationList = 5012522B20603426004C447C /* Build configuration list for PBXNativeTarget "Calculator3" */;
			buildPhases = (
				501251FF20603426004C447C /* Sources */,
				5012520020603426004C447C /* Frameworks */,
				5012520120603426004C447C /* Resources */,
			);
			buildRules = (
			);
			dependencies = (
			);
			name = Calculator3;
			productName = Calculator3;
			productReference = 5012520320603426004C447C /* Calculator3.app */;
			productType = "com.apple.product-type.application";
		};
		5012521620603426004C447C /* Calculator3Tests */ = {
			isa = PBXNativeTarget;
			buildConfigurationList = 5012522E20603426004C447C /* Build configuration list for PBXNativeTarget "Calculator3Tests" */;
			buildPhases = (
				5012521320603426004C447C /* Sources */,
				5012521420603426004C447C /* Frameworks */,
				5012521520603426004C447C /* Resources */,
			);
			buildRules = (
			);
			dependencies = (
				5012521920603426004C447C /* PBXTargetDependency */,
			);
			name = Calculator3Tests;
			productName = Calculator3Tests;
			productReference = 5012521720603426004C447C /* Calculator3Tests.xctest */;
			productType = "com.apple.product-type.bundle.unit-test";
		};
		5012522120603426004C447C /* Calculator3UITests */ = {
			isa = PBXNativeTarget;
			buildConfigurationList = 5012523120603426004C447C /* Build configuration list for PBXNativeTarget "Calculator3UITests" */;
			buildPhases = (
				5012521E20603426004C447C /* Sources */,
				5012521F20603426004C447C /* Frameworks */,
				5012522020603426004C447C /* Resources */,
			);
			buildRules = (
			);
			dependencies = (
				5012522420603426004C447C /* PBXTargetDependency */,
			);
			name = Calculator3UITests;
			productName = Calculator3UITests;
			productReference = 5012522220603426004C447C /* Calculator3UITests.xctest */;
			productType = "com.apple.product-type.bundle.ui-testing";
		};
/* End PBXNativeTarget section */

/* Begin PBXProject section */
		501251FB20603426004C447C /* Project object */ = {
			isa = PBXProject;
			attributes = {
				LastSwiftUpdateCheck = 0900;
				LastUpgradeCheck = 0900;
				ORGANIZATIONNAME = "miroslav babilya";
				TargetAttributes = {
					5012520220603426004C447C = {
						CreatedOnToolsVersion = 9.0.1;
						ProvisioningStyle = Automatic;
					};
					5012521620603426004C447C = {
						CreatedOnToolsVersion = 9.0.1;
						ProvisioningStyle = Automatic;
						TestTargetID = 5012520220603426004C447C;
					};
					5012522120603426004C447C = {
						CreatedOnToolsVersion = 9.0.1;
						ProvisioningStyle = Automatic;
						TestTargetID = 5012520220603426004C447C;
					};
				};
			};
			buildConfigurationList = 501251FE20603426004C447C /* Build configuration list for PBXProject "Calculator3" */;
			compatibilityVersion = "Xcode 8.0";
			developmentRegion = en;
			hasScannedForEncodings = 0;
			knownRegions = (
				en,
				Base,
			);
			mainGroup = 501251FA20603426004C447C;
			productRefGroup = 5012520420603426004C447C /* Products */;
			projectDirPath = "";
			projectRoot = "";
			targets = (
				5012520220603426004C447C /* Calculator3 */,
				5012521620603426004C447C /* Calculator3Tests */,
				5012522120603426004C447C /* Calculator3UITests */,
			);
		};
/* End PBXProject section */

/* Begin PBXResourcesBuildPhase section */
		5012520120603426004C447C /* Resources */ = {
			isa = PBXResourcesBuildPhase;
			buildActionMask = 2147483647;
			files = (
				5012521120603426004C447C /* LaunchScreen.storyboard in Resources */,
				5012520E20603426004C447C /* Assets.xcassets in Resources */,
				5012520C20603426004C447C /* Main.storyboard in Resources */,
			);
			runOnlyForDeploymentPostprocessing = 0;
		};
		5012521520603426004C447C /* Resources */ = {
			isa = PBXResourcesBuildPhase;
			buildActionMask = 2147483647;
			files = (
			);
			runOnlyForDeploymentPostprocessing = 0;
		};
		5012522020603426004C447C /* Resources */ = {
			isa = PBXResourcesBuildPhase;
			buildActionMask = 2147483647;
			files = (
			);
			runOnlyForDeploymentPostprocessing = 0;
		};
/* End PBXResourcesBuildPhase section */

/* Begin PBXSourcesBuildPhase section */
		501251FF20603426004C447C /* Sources */ = {
			isa = PBXSourcesBuildPhase;
			buildActionMask = 2147483647;
			files = (
				5012520920603426004C447C /* ViewController.swift in Sources */,
				5012520720603426004C447C /* AppDelegate.swift in Sources */,
			);
			runOnlyForDeploymentPostprocessing = 0;
		};
		5012521320603426004C447C /* Sources */ = {
			isa = PBXSourcesBuildPhase;
			buildActionMask = 2147483647;
			files = (
				5012521C20603426004C447C /* Calculator3Tests.swift in Sources */,
			);
			runOnlyForDeploymentPostprocessing = 0;
		};
		5012521E20603426004C447C /* Sources */ = {
			isa = PBXSourcesBuildPhase;
			buildActionMask = 2147483647;
			files = (
				5012522720603426004C447C /* Calculator3UITests.swift in Sources */,
			);
			runOnlyForDeploymentPostprocessing = 0;
		};
/* End PBXSourcesBuildPhase section */

/* Begin PBXTargetDependency section */
		5012521920603426004C447C /* PBXTargetDependency */ = {
			isa = PBXTargetDependency;
			target = 5012520220603426004C447C /* Calculator3 */;
			targetProxy = 5012521820603426004C447C /* PBXContainerItemProxy */;
		};
		5012522420603426004C447C /* PBXTargetDependency */ = {
			isa = PBXTargetDependency;
			target = 5012520220603426004C447C /* Calculator3 */;
			targetProxy = 5012522320603426004C447C /* PBXContainerItemProxy */;
		};
/* End PBXTargetDependency section */

/* Begin PBXVariantGroup section */
		5012520A20603426004C447C /* Main.storyboard */ = {
			isa = PBXVariantGroup;
			children = (
				5012520B20603426004C447C /* Base */,
			);
			name = Main.storyboard;
			sourceTree = "<group>";
		};
		5012520F20603426004C447C /* LaunchScreen.storyboard */ = {
			isa = PBXVariantGroup;
			children = (
				5012521020603426004C447C /* Base */,
			);
			name = LaunchScreen.storyboard;
			sourceTree = "<group>";
		};
/* End PBXVariantGroup section */

/* Begin XCBuildConfiguration section */
		5012522920603426004C447C /* Debug */ = {
			isa = XCBuildConfiguration;
			buildSettings = {
				ALWAYS_SEARCH_USER_PATHS = NO;
				CLANG_ANALYZER_NONNULL = YES;
				CLANG_ANALYZER_NUMBER_OBJECT_CONVERSION = YES_AGGRESSIVE;
				CLANG_CXX_LANGUAGE_STANDARD = "gnu++14";
				CLANG_CXX_LIBRARY = "libc++";
				CLANG_ENABLE_MODULES = YES;
				CLANG_ENABLE_OBJC_ARC = YES;
				CLANG_WARN_BLOCK_CAPTURE_AUTORELEASING = YES;
				CLANG_WARN_BOOL_CONVERSION = YES;
				CLANG_WARN_COMMA = YES;
				CLANG_WARN_CONSTANT_CONVERSION = YES;
				CLANG_WARN_DIRECT_OBJC_ISA_USAGE = YES_ERROR;
				CLANG_WARN_DOCUMENTATION_COMMENTS = YES;
				CLANG_WARN_EMPTY_BODY = YES;
				CLANG_WARN_ENUM_CONVERSION = YES;
				CLANG_WARN_INFINITE_RECURSION = YES;
				CLANG_WARN_INT_CONVERSION = YES;
				CLANG_WARN_NON_LITERAL_NULL_CONVERSION = YES;
				CLANG_WARN_OBJC_LITERAL_CONVERSION = YES;
				CLANG_WARN_OBJC_ROOT_CLASS = YES_ERROR;
				CLANG_WARN_RANGE_LOOP_ANALYSIS = YES;
				CLANG_WARN_STRICT_PROTOTYPES = YES;
				CLANG_WARN_SUSPICIOUS_MOVE = YES;
				CLANG_WARN_UNGUARDED_AVAILABILITY = YES_AGGRESSIVE;
				CLANG_WARN_UNREACHABLE_CODE = YES;
				CLANG_WARN__DUPLICATE_METHOD_MATCH = YES;
				CODE_SIGN_IDENTITY = "iPhone Developer";
				COPY_PHASE_STRIP = NO;
				DEBUG_INFORMATION_FORMAT = dwarf;
				ENABLE_STRICT_OBJC_MSGSEND = YES;
				ENABLE_TESTABILITY = YES;
				GCC_C_LANGUAGE_STANDARD = gnu11;
				GCC_DYNAMIC_NO_PIC = NO;
				GCC_NO_COMMON_BLOCKS = YES;
				GCC_OPTIMIZATION_LEVEL = 0;
				GCC_PREPROCESSOR_DEFINITIONS = (
					"DEBUG=1",
					"$(inherited)",
				);
				GCC_WARN_64_TO_32_BIT_CONVERSION = YES;
				GCC_WARN_ABOUT_RETURN_TYPE = YES_ERROR;
				GCC_WARN_UNDECLARED_SELECTOR = YES;
				GCC_WARN_UNINITIALIZED_AUTOS = YES_AGGRESSIVE;
				GCC_WARN_UNUSED_FUNCTION = YES;
				GCC_WARN_UNUSED_VARIABLE = YES;
				IPHONEOS_DEPLOYMENT_TARGET = 11.0;
				MTL_ENABLE_DEBUG_INFO = YES;
				ONLY_ACTIVE_ARCH = YES;
				SDKROOT = iphoneos;
				SWIFT_ACTIVE_COMPILATION_CONDITIONS = DEBUG;
				SWIFT_OPTIMIZATION_LEVEL = "-Onone";
			};
			name = Debug;
		};
		5012522A20603426004C447C /* Release */ = {
			isa = XCBuildConfiguration;
			buildSettings = {
				ALWAYS_SEARCH_USER_PATHS = NO;
				CLANG_ANALYZER_NONNULL = YES;
				CLANG_ANALYZER_NUMBER_OBJECT_CONVERSION = YES_AGGRESSIVE;
				CLANG_CXX_LANGUAGE_STANDARD = "gnu++14";
				CLANG_CXX_LIBRARY = "libc++";
				CLANG_ENABLE_MODULES = YES;
				CLANG_ENABLE_OBJC_ARC = YES;
				CLANG_WARN_BLOCK_CAPTURE_AUTORELEASING = YES;
				CLANG_WARN_BOOL_CONVERSION = YES;
				CLANG_WARN_COMMA = YES;
				CLANG_WARN_CONSTANT_CONVERSION = YES;
				CLANG_WARN_DIRECT_OBJC_ISA_USAGE = YES_ERROR;
				CLANG_WARN_DOCUMENTATION_COMMENTS = YES;
				CLANG_WARN_EMPTY_BODY = YES;
				CLANG_WARN_ENUM_CONVERSION = YES;
				CLANG_WARN_INFINITE_RECURSION = YES;
				CLANG_WARN_INT_CONVERSION = YES;
				CLANG_WARN_NON_LITERAL_NULL_CONVERSION = YES;
				CLANG_WARN_OBJC_LITERAL_CONVERSION = YES;
				CLANG_WARN_OBJC_ROOT_CLASS = YES_ERROR;
				CLANG_WARN_RANGE_LOOP_ANALYSIS = YES;
				CLANG_WARN_STRICT_PROTOTYPES = YES;
				CLANG_WARN_SUSPICIOUS_MOVE = YES;
				CLANG_WARN_UNGUARDED_AVAILABILITY = YES_AGGRESSIVE;
				CLANG_WARN_UNREACHABLE_CODE = YES;
				CLANG_WARN__DUPLICATE_METHOD_MATCH = YES;
				CODE_SIGN_IDENTITY = "iPhone Developer";
				COPY_PHASE_STRIP = NO;
				DEBUG_INFORMATION_FORMAT = "dwarf-with-dsym";
				ENABLE_NS_ASSERTIONS = NO;
				ENABLE_STRICT_OBJC_MSGSEND = YES;
				GCC_C_LANGUAGE_STANDARD = gnu11;
				GCC_NO_COMMON_BLOCKS = YES;
				GCC_WARN_64_TO_32_BIT_CONVERSION = YES;
				GCC_WARN_ABOUT_RETURN_TYPE = YES_ERROR;
				GCC_WARN_UNDECLARED_SELECTOR = YES;
				GCC_WARN_UNINITIALIZED_AUTOS = YES_AGGRESSIVE;
				GCC_WARN_UNUSED_FUNCTION = YES;
				GCC_WARN_UNUSED_VARIABLE = YES;
				IPHONEOS_DEPLOYMENT_TARGET = 11.0;
				MTL_ENABLE_DEBUG_INFO = NO;
				SDKROOT = iphoneos;
				SWIFT_OPTIMIZATION_LEVEL = "-Owholemodule";
				VALIDATE_PRODUCT = YES;
			};
			name = Release;
		};
		5012522C20603426004C447C /* Debug */ = {
			isa = XCBuildConfiguration;
			buildSettings = {
				ASSETCATALOG_COMPILER_APPICON_NAME = AppIcon;
				CODE_SIGN_STYLE = Automatic;
				INFOPLIST_FILE = Calculator3/Info.plist;
				LD_RUNPATH_SEARCH_PATHS = "$(inherited) @executable_path/Frameworks";
				PRODUCT_BUNDLE_IDENTIFIER = com.bmtech.Calculator3;
				PRODUCT_NAME = "$(TARGET_NAME)";
				SWIFT_VERSION = 4.0;
				TARGETED_DEVICE_FAMILY = "1,2";
			};
			name = Debug;
		};
		5012522D20603426004C447C /* Release */ = {
			isa = XCBuildConfiguration;
			buildSettings = {
				ASSETCATALOG_COMPILER_APPICON_NAME = AppIcon;
				CODE_SIGN_STYLE = Automatic;
				INFOPLIST_FILE = Calculator3/Info.plist;
				LD_RUNPATH_SEARCH_PATHS = "$(inherited) @executable_path/Frameworks";
				PRODUCT_BUNDLE_IDENTIFIER = com.bmtech.Calculator3;
				PRODUCT_NAME = "$(TARGET_NAME)";
				SWIFT_VERSION = 4.0;
				TARGETED_DEVICE_FAMILY = "1,2";
			};
			name = Release;
		};
		5012522F20603426004C447C /* Debug */ = {
			isa = XCBuildConfiguration;
			buildSettings = {
				ALWAYS_EMBED_SWIFT_STANDARD_LIBRARIES = YES;
				BUNDLE_LOADER = "$(TEST_HOST)";
				CODE_SIGN_STYLE = Automatic;
				INFOPLIST_FILE = Calculator3Tests/Info.plist;
				LD_RUNPATH_SEARCH_PATHS = "$(inherited) @executable_path/Frameworks @loader_path/Frameworks";
				PRODUCT_BUNDLE_IDENTIFIER = com.bmtech.Calculator3Tests;
				PRODUCT_NAME = "$(TARGET_NAME)";
				SWIFT_VERSION = 4.0;
				TARGETED_DEVICE_FAMILY = "1,2";
				TEST_HOST = "$(BUILT_PRODUCTS_DIR)/Calculator3.app/Calculator3";
			};
			name = Debug;
		};
		5012523020603426004C447C /* Release */ = {
			isa = XCBuildConfiguration;
			buildSettings = {
				ALWAYS_EMBED_SWIFT_STANDARD_LIBRARIES = YES;
				BUNDLE_LOADER = "$(TEST_HOST)";
				CODE_SIGN_STYLE = Automatic;
				INFOPLIST_FILE = Calculator3Tests/Info.plist;
				LD_RUNPATH_SEARCH_PATHS = "$(inherited) @executable_path/Frameworks @loader_path/Frameworks";
				PRODUCT_BUNDLE_IDENTIFIER = com.bmtech.Calculator3Tests;
				PRODUCT_NAME = "$(TARGET_NAME)";
				SWIFT_VERSION = 4.0;
				TARGETED_DEVICE_FAMILY = "1,2";
				TEST_HOST = "$(BUILT_PRODUCTS_DIR)/Calculator3.app/Calculator3";
			};
			name = Release;
		};
		5012523220603426004C447C /* Debug */ = {
			isa = XCBuildConfiguration;
			buildSettings = {
				ALWAYS_EMBED_SWIFT_STANDARD_LIBRARIES = YES;
				CODE_SIGN_STYLE = Automatic;
				INFOPLIST_FILE = Calculator3UITests/Info.plist;
				LD_RUNPATH_SEARCH_PATHS = "$(inherited) @executable_path/Frameworks @loader_path/Frameworks";
				PRODUCT_BUNDLE_IDENTIFIER = com.bmtech.Calculator3UITests;
				PRODUCT_NAME = "$(TARGET_NAME)";
				SWIFT_VERSION = 4.0;
				TARGETED_DEVICE_FAMILY = "1,2";
				TEST_TARGET_NAME = Calculator3;
			};
			name = Debug;
		};
		5012523320603426004C447C /* Release */ = {
			isa = XCBuildConfiguration;
			buildSettings = {
				ALWAYS_EMBED_SWIFT_STANDARD_LIBRARIES = YES;
				CODE_SIGN_STYLE = Automatic;
				INFOPLIST_FILE = Calculator3UITests/Info.plist;
				LD_RUNPATH_SEARCH_PATHS = "$(inherited) @executable_path/Frameworks @loader_path/Frameworks";
				PRODUCT_BUNDLE_IDENTIFIER = com.bmtech.Calculator3UITests;
				PRODUCT_NAME = "$(TARGET_NAME)";
				SWIFT_VERSION = 4.0;
				TARGETED_DEVICE_FAMILY = "1,2";
				TEST_TARGET_NAME = Calculator3;
			};
			name = Release;
		};
/* End XCBuildConfiguration section */

/* Begin XCConfigurationList section */
		501251FE20603426004C447C /* Build configuration list for PBXProject "Calculator3" */ = {
			isa = XCConfigurationList;
			buildConfigurations = (
				5012522920603426004C447C /* Debug */,
				5012522A20603426004C447C /* Release */,
			);
			defaultConfigurationIsVisible = 0;
			defaultConfigurationName = Release;
		};
		5012522B20603426004C447C /* Build configuration list for PBXNativeTarget "Calculator3" */ = {
			isa = XCConfigurationList;
			buildConfigurations = (
				5012522C20603426004C447C /* Debug */,
				5012522D20603426004C447C /* Release */,
			);
			defaultConfigurationIsVisible = 0;
			defaultConfigurationName = Release;
		};
		5012522E20603426004C447C /* Build configuration list for PBXNativeTarget "Calculator3Tests" */ = {
			isa = XCConfigurationList;
			buildConfigurations = (
				5012522F20603426004C447C /* Debug */,
				5012523020603426004C447C /* Release */,
			);
			defaultConfigurationIsVisible = 0;
			defaultConfigurationName = Release;
		};
		5012523120603426004C447C /* Build configuration list for PBXNativeTarget "Calculator3UITests" */ = {
			isa = XCConfigurationList;
			buildConfigurations = (
				5012523220603426004C447C /* Debug */,
				5012523320603426004C447C /* Release */,
			);
			defaultConfigurationIsVisible = 0;
			defaultConfigurationName = Release;
		};
/* End XCConfigurationList section */
	};
	rootObject = 501251FB20603426004C447C /* Project object */;
}
